
Microsoft Visual Studio Solution File, Format Version 12.00
# Visual Studio Version 17
VisualStudioVersion = 17.11.35219.272
MinimumVisualStudioVersion = 10.0.40219.1
Project("{FAE04EC0-301F-11D3-BF4B-00C04F79EFBC}") = "Factorial", "Factorial\Factorial.csproj", "{87F9857A-9F51-405D-A985-B313A6B564B6}"
EndProject
Global
	GlobalSection(SolutionConfigurationPlatforms) = preSolution
		Debug|Any CPU = Debug|Any CPU
		Release|Any CPU = Release|Any CPU
	EndGlobalSection
	GlobalSection(ProjectConfigurationPlatforms) = postSolution
		{87F9857A-9F51-405D-A985-B313A6B564B6}.Debug|Any CPU.ActiveCfg = Debug|Any CPU
		{87F9857A-9F51-405D-A985-B313A6B564B6}.Debug|Any CPU.Build.0 = Debug|Any CPU
		{87F9857A-9F51-405D-A985-B313A6B564B6}.Release|Any CPU.ActiveCfg = Release|Any CPU
		{87F9857A-9F51-405D-A985-B313A6B564B6}.Release|Any CPU.Build.0 = Release|Any CPU
	EndGlobalSection
	GlobalSection(SolutionProperties) = preSolution
		HideSolutionNode = FALSE
	EndGlobalSection
	GlobalSection(ExtensibilityGlobals) = postSolution
		SolutionGuid = {8343C232-34FF-411F-9CBB-C7038CACE171}
	EndGlobalSection
EndGlobal
