
Microsoft Visual Studio Solution File, Format Version 12.00
# Visual Studio Version 17
VisualStudioVersion = 17.11.35219.272
MinimumVisualStudioVersion = 10.0.40219.1
Project("{FAE04EC0-301F-11D3-BF4B-00C04F79EFBC}") = "Fibonacci", "Fibonacci\Fibonacci.csproj", "{415BE419-E743-4250-BD04-433146D8225E}"
EndProject
Global
	GlobalSection(SolutionConfigurationPlatforms) = preSolution
		Debug|Any CPU = Debug|Any CPU
		Release|Any CPU = Release|Any CPU
	EndGlobalSection
	GlobalSection(ProjectConfigurationPlatforms) = postSolution
		{415BE419-E743-4250-BD04-433146D8225E}.Debug|Any CPU.ActiveCfg = Debug|Any CPU
		{415BE419-E743-4250-BD04-433146D8225E}.Debug|Any CPU.Build.0 = Debug|Any CPU
		{415BE419-E743-4250-BD04-433146D8225E}.Release|Any CPU.ActiveCfg = Release|Any CPU
		{415BE419-E743-4250-BD04-433146D8225E}.Release|Any CPU.Build.0 = Release|Any CPU
	EndGlobalSection
	GlobalSection(SolutionProperties) = preSolution
		HideSolutionNode = FALSE
	EndGlobalSection
	GlobalSection(ExtensibilityGlobals) = postSolution
		SolutionGuid = {AE1175D6-661E-4BCC-A75B-4A55B4BE8890}
	EndGlobalSection
EndGlobal
